
Microsoft Visual Studio Solution File, Format Version 12.00
# Visual Studio Version 16
VisualStudioVersion = 16.0.30523.141
MinimumVisualStudioVersion = 10.0.40219.1
Project("{FAE04EC0-301F-11D3-BF4B-00C04F79EFBC}") = "Lab04_Demo", "Lab04_Demo\Lab04_Demo.csproj", "{4F5485CB-9B1F-4F84-8B36-9F549A7AB476}"
EndProject
Global
	GlobalSection(SolutionConfigurationPlatforms) = preSolution
		Debug|Any CPU = Debug|Any CPU
		Release|Any CPU = Release|Any CPU
	EndGlobalSection
	GlobalSection(ProjectConfigurationPlatforms) = postSolution
		{4F5485CB-9B1F-4F84-8B36-9F549A7AB476}.Debug|Any CPU.ActiveCfg = Debug|Any CPU
		{4F5485CB-9B1F-4F84-8B36-9F549A7AB476}.Debug|Any CPU.Build.0 = Debug|Any CPU
		{4F5485CB-9B1F-4F84-8B36-9F549A7AB476}.Release|Any CPU.ActiveCfg = Release|Any CPU
		{4F5485CB-9B1F-4F84-8B36-9F549A7AB476}.Release|Any CPU.Build.0 = Release|Any CPU
	EndGlobalSection
	GlobalSection(SolutionProperties) = preSolution
		HideSolutionNode = FALSE
	EndGlobalSection
	GlobalSection(ExtensibilityGlobals) = postSolution
		SolutionGuid = {DB35B9CF-ACB2-4155-B095-122275E81903}
	EndGlobalSection
EndGlobal
