
Microsoft Visual Studio Solution File, Format Version 12.00
# Visual Studio Version 16
VisualStudioVersion = 16.0.30523.141
MinimumVisualStudioVersion = 10.0.40219.1
Project("{FAE04EC0-301F-11D3-BF4B-00C04F79EFBC}") = "La06_Basic_Command", "La06_Basic_Command\La06_Basic_Command.csproj", "{E9B5D8DA-8F8A-47B4-935E-C1BBBA60F674}"
EndProject
Global
	GlobalSection(SolutionConfigurationPlatforms) = preSolution
		Debug|Any CPU = Debug|Any CPU
		Release|Any CPU = Release|Any CPU
	EndGlobalSection
	GlobalSection(ProjectConfigurationPlatforms) = postSolution
		{E9B5D8DA-8F8A-47B4-935E-C1BBBA60F674}.Debug|Any CPU.ActiveCfg = Debug|Any CPU
		{E9B5D8DA-8F8A-47B4-935E-C1BBBA60F674}.Debug|Any CPU.Build.0 = Debug|Any CPU
		{E9B5D8DA-8F8A-47B4-935E-C1BBBA60F674}.Release|Any CPU.ActiveCfg = Release|Any CPU
		{E9B5D8DA-8F8A-47B4-935E-C1BBBA60F674}.Release|Any CPU.Build.0 = Release|Any CPU
	EndGlobalSection
	GlobalSection(SolutionProperties) = preSolution
		HideSolutionNode = FALSE
	EndGlobalSection
	GlobalSection(ExtensibilityGlobals) = postSolution
		SolutionGuid = {40498E5F-B213-4D63-B348-2D477D88C579}
	EndGlobalSection
EndGlobal
