
Microsoft Visual Studio Solution File, Format Version 12.00
# Visual Studio Version 16
VisualStudioVersion = 16.0.30523.141
MinimumVisualStudioVersion = 10.0.40219.1
Project("{FAE04EC0-301F-11D3-BF4B-00C04F79EFBC}") = "C_QLKS", "C_QLKS\C_QLKS.csproj", "{0EBCA35E-601A-4D55-AD03-B11C0A3EAA1D}"
EndProject
Global
	GlobalSection(SolutionConfigurationPlatforms) = preSolution
		Debug|Any CPU = Debug|Any CPU
		Release|Any CPU = Release|Any CPU
	EndGlobalSection
	GlobalSection(ProjectConfigurationPlatforms) = postSolution
		{0EBCA35E-601A-4D55-AD03-B11C0A3EAA1D}.Debug|Any CPU.ActiveCfg = Debug|Any CPU
		{0EBCA35E-601A-4D55-AD03-B11C0A3EAA1D}.Debug|Any CPU.Build.0 = Debug|Any CPU
		{0EBCA35E-601A-4D55-AD03-B11C0A3EAA1D}.Release|Any CPU.ActiveCfg = Release|Any CPU
		{0EBCA35E-601A-4D55-AD03-B11C0A3EAA1D}.Release|Any CPU.Build.0 = Release|Any CPU
	EndGlobalSection
	GlobalSection(SolutionProperties) = preSolution
		HideSolutionNode = FALSE
	EndGlobalSection
	GlobalSection(ExtensibilityGlobals) = postSolution
		SolutionGuid = {FEE5F353-E5B4-4D06-9C5F-81B0B3590EB7}
	EndGlobalSection
EndGlobal
